
Microsoft Visual Studio Solution File, Format Version 12.00
# Visual Studio Version 16
VisualStudioVersion = 16.0.29728.190
MinimumVisualStudioVersion = 10.0.40219.1
Project("{FAE04EC0-301F-11D3-BF4B-00C04F79EFBC}") = "Binary Search Tree", "Binary Search Tree.csproj", "{D384C30C-4654-4550-B35C-A6514EFCD56A}"
EndProject
Global
	GlobalSection(SolutionConfigurationPlatforms) = preSolution
		Debug|Any CPU = Debug|Any CPU
		Release|Any CPU = Release|Any CPU
	EndGlobalSection
	GlobalSection(ProjectConfigurationPlatforms) = postSolution
		{D384C30C-4654-4550-B35C-A6514EFCD56A}.Debug|Any CPU.ActiveCfg = Debug|Any CPU
		{D384C30C-4654-4550-B35C-A6514EFCD56A}.Debug|Any CPU.Build.0 = Debug|Any CPU
		{D384C30C-4654-4550-B35C-A6514EFCD56A}.Release|Any CPU.ActiveCfg = Release|Any CPU
		{D384C30C-4654-4550-B35C-A6514EFCD56A}.Release|Any CPU.Build.0 = Release|Any CPU
	EndGlobalSection
	GlobalSection(SolutionProperties) = preSolution
		HideSolutionNode = FALSE
	EndGlobalSection
	GlobalSection(ExtensibilityGlobals) = postSolution
		SolutionGuid = {C5520B22-4341-4E7F-92FD-DE2469D8CCC8}
	EndGlobalSection
EndGlobal
